
Microsoft Visual Studio Solution File, Format Version 12.00
# Visual Studio Version 17
VisualStudioVersion = 17.10.35004.147
MinimumVisualStudioVersion = 10.0.40219.1
Project("{FAE04EC0-301F-11D3-BF4B-00C04F79EFBC}") = "Capstone-EPICODE", "Capstone-EPICODE.csproj", "{96127FCE-A208-4C3B-9DD9-943721E1AEBC}"
EndProject
Global
	GlobalSection(SolutionConfigurationPlatforms) = preSolution
		Debug|Any CPU = Debug|Any CPU
		Release|Any CPU = Release|Any CPU
	EndGlobalSection
	GlobalSection(ProjectConfigurationPlatforms) = postSolution
		{96127FCE-A208-4C3B-9DD9-943721E1AEBC}.Debug|Any CPU.ActiveCfg = Debug|Any CPU
		{96127FCE-A208-4C3B-9DD9-943721E1AEBC}.Debug|Any CPU.Build.0 = Debug|Any CPU
		{96127FCE-A208-4C3B-9DD9-943721E1AEBC}.Release|Any CPU.ActiveCfg = Release|Any CPU
		{96127FCE-A208-4C3B-9DD9-943721E1AEBC}.Release|Any CPU.Build.0 = Release|Any CPU
	EndGlobalSection
	GlobalSection(SolutionProperties) = preSolution
		HideSolutionNode = FALSE
	EndGlobalSection
	GlobalSection(ExtensibilityGlobals) = postSolution
		SolutionGuid = {66379074-8889-404D-ABCA-288B42269419}
	EndGlobalSection
EndGlobal
